
Microsoft Visual Studio Solution File, Format Version 12.00
# Visual Studio Version 17
VisualStudioVersion = 17.10.34928.147
MinimumVisualStudioVersion = 10.0.40219.1
Project("{9A19103F-16F7-4668-BE54-9A1E7A4F7556}") = "VoteHub.Api", "VotingAppApi\VoteHub.Api.csproj", "{9A99C27B-00F0-4AC6-8580-8F7A7A3B3261}"
	ProjectSection(ProjectDependencies) = postProject
		{28CA1BD2-2327-4058-A298-B22336CECDD4} = {28CA1BD2-2327-4058-A298-B22336CECDD4}
		{F0CA54D2-9DB4-4F51-A83B-3835E6F39DCA} = {F0CA54D2-9DB4-4F51-A83B-3835E6F39DCA}
	EndProjectSection
EndProject
Project("{9A19103F-16F7-4668-BE54-9A1E7A4F7556}") = "VoteHub.Persistance", "VoteHub.Persistance\VoteHub.Persistance.csproj", "{F0CA54D2-9DB4-4F51-A83B-3835E6F39DCA}"
EndProject
Project("{9A19103F-16F7-4668-BE54-9A1E7A4F7556}") = "VoteHub.Domain", "VoteHub.Domain\VoteHub.Domain.csproj", "{28CA1BD2-2327-4058-A298-B22336CECDD4}"
EndProject
Global
	GlobalSection(SolutionConfigurationPlatforms) = preSolution
		Debug|Any CPU = Debug|Any CPU
		Release|Any CPU = Release|Any CPU
	EndGlobalSection
	GlobalSection(ProjectConfigurationPlatforms) = postSolution
		{9A99C27B-00F0-4AC6-8580-8F7A7A3B3261}.Debug|Any CPU.ActiveCfg = Debug|Any CPU
		{9A99C27B-00F0-4AC6-8580-8F7A7A3B3261}.Debug|Any CPU.Build.0 = Debug|Any CPU
		{9A99C27B-00F0-4AC6-8580-8F7A7A3B3261}.Release|Any CPU.ActiveCfg = Release|Any CPU
		{9A99C27B-00F0-4AC6-8580-8F7A7A3B3261}.Release|Any CPU.Build.0 = Release|Any CPU
		{F0CA54D2-9DB4-4F51-A83B-3835E6F39DCA}.Debug|Any CPU.ActiveCfg = Debug|Any CPU
		{F0CA54D2-9DB4-4F51-A83B-3835E6F39DCA}.Debug|Any CPU.Build.0 = Debug|Any CPU
		{F0CA54D2-9DB4-4F51-A83B-3835E6F39DCA}.Release|Any CPU.ActiveCfg = Release|Any CPU
		{F0CA54D2-9DB4-4F51-A83B-3835E6F39DCA}.Release|Any CPU.Build.0 = Release|Any CPU
		{28CA1BD2-2327-4058-A298-B22336CECDD4}.Debug|Any CPU.ActiveCfg = Debug|Any CPU
		{28CA1BD2-2327-4058-A298-B22336CECDD4}.Debug|Any CPU.Build.0 = Debug|Any CPU
		{28CA1BD2-2327-4058-A298-B22336CECDD4}.Release|Any CPU.ActiveCfg = Release|Any CPU
		{28CA1BD2-2327-4058-A298-B22336CECDD4}.Release|Any CPU.Build.0 = Release|Any CPU
	EndGlobalSection
	GlobalSection(SolutionProperties) = preSolution
		HideSolutionNode = FALSE
	EndGlobalSection
	GlobalSection(ExtensibilityGlobals) = postSolution
		SolutionGuid = {FA5B5457-DA8E-43C0-B2D3-6C1BF0E40815}
	EndGlobalSection
EndGlobal
